
Microsoft Visual Studio Solution File, Format Version 12.00
# Visual Studio 15
VisualStudioVersion = 15.0.28307.106
MinimumVisualStudioVersion = 10.0.40219.1
Project("{FAE04EC0-301F-11D3-BF4B-00C04F79EFBC}") = "ClientIRC", "ClientIRC\ClientIRC.csproj", "{056279E9-496B-4B69-B08D-37903DF4E488}"
EndProject
Project("{FAE04EC0-301F-11D3-BF4B-00C04F79EFBC}") = "ServerDistant", "ServerDistant\ServerDistant.csproj", "{12A9B10B-2280-405D-81C4-456998EA8D13}"
EndProject
Project("{FAE04EC0-301F-11D3-BF4B-00C04F79EFBC}") = "Communication", "Communication\Communication.csproj", "{5831788C-3BC1-4A80-9C64-4FAF222D890A}"
EndProject
Global
	GlobalSection(SolutionConfigurationPlatforms) = preSolution
		Debug|Any CPU = Debug|Any CPU
		Release|Any CPU = Release|Any CPU
	EndGlobalSection
	GlobalSection(ProjectConfigurationPlatforms) = postSolution
		{056279E9-496B-4B69-B08D-37903DF4E488}.Debug|Any CPU.ActiveCfg = Debug|Any CPU
		{056279E9-496B-4B69-B08D-37903DF4E488}.Debug|Any CPU.Build.0 = Debug|Any CPU
		{056279E9-496B-4B69-B08D-37903DF4E488}.Release|Any CPU.ActiveCfg = Release|Any CPU
		{056279E9-496B-4B69-B08D-37903DF4E488}.Release|Any CPU.Build.0 = Release|Any CPU
		{12A9B10B-2280-405D-81C4-456998EA8D13}.Debug|Any CPU.ActiveCfg = Debug|Any CPU
		{12A9B10B-2280-405D-81C4-456998EA8D13}.Debug|Any CPU.Build.0 = Debug|Any CPU
		{12A9B10B-2280-405D-81C4-456998EA8D13}.Release|Any CPU.ActiveCfg = Release|Any CPU
		{12A9B10B-2280-405D-81C4-456998EA8D13}.Release|Any CPU.Build.0 = Release|Any CPU
		{5831788C-3BC1-4A80-9C64-4FAF222D890A}.Debug|Any CPU.ActiveCfg = Debug|Any CPU
		{5831788C-3BC1-4A80-9C64-4FAF222D890A}.Debug|Any CPU.Build.0 = Debug|Any CPU
		{5831788C-3BC1-4A80-9C64-4FAF222D890A}.Release|Any CPU.ActiveCfg = Release|Any CPU
		{5831788C-3BC1-4A80-9C64-4FAF222D890A}.Release|Any CPU.Build.0 = Release|Any CPU
	EndGlobalSection
	GlobalSection(SolutionProperties) = preSolution
		HideSolutionNode = FALSE
	EndGlobalSection
	GlobalSection(ExtensibilityGlobals) = postSolution
		SolutionGuid = {97B5F6AA-52F4-419C-B45B-BC9FC531DE38}
	EndGlobalSection
EndGlobal
